// !$*UTF8*$!
{
	archiveVersion = 1;
	classes = {
	};
	objectVersion = 56;
	objects = {

/* Begin PBXBuildFile section */
		D10950B02AEC2723005D6B84 /* AppDelegate.swift in Sources */ = {isa = PBXBuildFile; fileRef = D10950AF2AEC2723005D6B84 /* AppDelegate.swift */; };
		D10950B22AEC2723005D6B84 /* SceneDelegate.swift in Sources */ = {isa = PBXBuildFile; fileRef = D10950B12AEC2723005D6B84 /* SceneDelegate.swift */; };
		D10950B42AEC2723005D6B84 /* ViewController.swift in Sources */ = {isa = PBXBuildFile; fileRef = D10950B32AEC2723005D6B84 /* ViewController.swift */; };
		D10950B72AEC2723005D6B84 /* Main.storyboard in Resources */ = {isa = PBXBuildFile; fileRef = D10950B52AEC2723005D6B84 /* Main.storyboard */; };
		D10950B92AEC2725005D6B84 /* Assets.xcassets in Resources */ = {isa = PBXBuildFile; fileRef = D10950B82AEC2725005D6B84 /* Assets.xcassets */; };
		D10950BC2AEC2725005D6B84 /* LaunchScreen.storyboard in Resources */ = {isa = PBXBuildFile; fileRef = D10950BA2AEC2725005D6B84 /* LaunchScreen.storyboard */; };
		D10950C72AEC2725005D6B84 /* verificacionTests.swift in Sources */ = {isa = PBXBuildFile; fileRef = D10950C62AEC2725005D6B84 /* verificacionTests.swift */; };
		D10950D12AEC2725005D6B84 /* verificacionUITests.swift in Sources */ = {isa = PBXBuildFile; fileRef = D10950D02AEC2725005D6B84 /* verificacionUITests.swift */; };
		D10950D32AEC2725005D6B84 /* verificacionUITestsLaunchTests.swift in Sources */ = {isa = PBXBuildFile; fileRef = D10950D22AEC2725005D6B84 /* verificacionUITestsLaunchTests.swift */; };
/* End PBXBuildFile section */

/* Begin PBXContainerItemProxy section */
		D10950C32AEC2725005D6B84 /* PBXContainerItemProxy */ = {
			isa = PBXContainerItemProxy;
			containerPortal = D10950A42AEC2723005D6B84 /* Project object */;
			proxyType = 1;
			remoteGlobalIDString = D10950AB2AEC2723005D6B84;
			remoteInfo = verificacion;
		};
		D10950CD2AEC2725005D6B84 /* PBXContainerItemProxy */ = {
			isa = PBXContainerItemProxy;
			containerPortal = D10950A42AEC2723005D6B84 /* Project object */;
			proxyType = 1;
			remoteGlobalIDString = D10950AB2AEC2723005D6B84;
			remoteInfo = verificacion;
		};
/* End PBXContainerItemProxy section */

/* Begin PBXFileReference section */
		D10950AC2AEC2723005D6B84 /* verificacion.app */ = {isa = PBXFileReference; explicitFileType = wrapper.application; includeInIndex = 0; path = verificacion.app; sourceTree = BUILT_PRODUCTS_DIR; };
		D10950AF2AEC2723005D6B84 /* AppDelegate.swift */ = {isa = PBXFileReference; lastKnownFileType = sourcecode.swift; path = AppDelegate.swift; sourceTree = "<group>"; };
		D10950B12AEC2723005D6B84 /* SceneDelegate.swift */ = {isa = PBXFileReference; lastKnownFileType = sourcecode.swift; path = SceneDelegate.swift; sourceTree = "<group>"; };
		D10950B32AEC2723005D6B84 /* ViewController.swift */ = {isa = PBXFileReference; lastKnownFileType = sourcecode.swift; path = ViewController.swift; sourceTree = "<group>"; };
		D10950B62AEC2723005D6B84 /* Base */ = {isa = PBXFileReference; lastKnownFileType = file.storyboard; name = Base; path = Base.lproj/Main.storyboard; sourceTree = "<group>"; };
		D10950B82AEC2725005D6B84 /* Assets.xcassets */ = {isa = PBXFileReference; lastKnownFileType = folder.assetcatalog; path = Assets.xcassets; sourceTree = "<group>"; };
		D10950BB2AEC2725005D6B84 /* Base */ = {isa = PBXFileReference; lastKnownFileType = file.storyboard; name = Base; path = Base.lproj/LaunchScreen.storyboard; sourceTree = "<group>"; };
		D10950BD2AEC2725005D6B84 /* Info.plist */ = {isa = PBXFileReference; lastKnownFileType = text.plist.xml; path = Info.plist; sourceTree = "<group>"; };
		D10950C22AEC2725005D6B84 /* verificacionTests.xctest */ = {isa = PBXFileReference; explicitFileType = wrapper.cfbundle; includeInIndex = 0; path = verificacionTests.xctest; sourceTree = BUILT_PRODUCTS_DIR; };
		D10950C62AEC2725005D6B84 /* verificacionTests.swift */ = {isa = PBXFileReference; lastKnownFileType = sourcecode.swift; path = verificacionTests.swift; sourceTree = "<group>"; };
		D10950CC2AEC2725005D6B84 /* verificacionUITests.xctest */ = {isa = PBXFileReference; explicitFileType = wrapper.cfbundle; includeInIndex = 0; path = verificacionUITests.xctest; sourceTree = BUILT_PRODUCTS_DIR; };
		D10950D02AEC2725005D6B84 /* verificacionUITests.swift */ = {isa = PBXFileReference; lastKnownFileType = sourcecode.swift; path = verificacionUITests.swift; sourceTree = "<group>"; };
		D10950D22AEC2725005D6B84 /* verificacionUITestsLaunchTests.swift */ = {isa = PBXFileReference; lastKnownFileType = sourcecode.swift; path = verificacionUITestsLaunchTests.swift; sourceTree = "<group>"; };
/* End PBXFileReference section */

/* Begin PBXFrameworksBuildPhase section */
		D10950A92AEC2723005D6B84 /* Frameworks */ = {
			isa = PBXFrameworksBuildPhase;
			buildActionMask = 2147483647;
			files = (
			);
			runOnlyForDeploymentPostprocessing = 0;
		};
		D10950BF2AEC2725005D6B84 /* Frameworks */ = {
			isa = PBXFrameworksBuildPhase;
			buildActionMask = 2147483647;
			files = (
			);
			runOnlyForDeploymentPostprocessing = 0;
		};
		D10950C92AEC2725005D6B84 /* Frameworks */ = {
			isa = PBXFrameworksBuildPhase;
			buildActionMask = 2147483647;
			files = (
			);
			runOnlyForDeploymentPostprocessing = 0;
		};
/* End PBXFrameworksBuildPhase section */

/* Begin PBXGroup section */
		D10950A32AEC2723005D6B84 = {
			isa = PBXGroup;
			children = (
				D10950AE2AEC2723005D6B84 /* verificacion */,
				D10950C52AEC2725005D6B84 /* verificacionTests */,
				D10950CF2AEC2725005D6B84 /* verificacionUITests */,
				D10950AD2AEC2723005D6B84 /* Products */,
			);
			sourceTree = "<group>";
		};
		D10950AD2AEC2723005D6B84 /* Products */ = {
			isa = PBXGroup;
			children = (
				D10950AC2AEC2723005D6B84 /* verificacion.app */,
				D10950C22AEC2725005D6B84 /* verificacionTests.xctest */,
				D10950CC2AEC2725005D6B84 /* verificacionUITests.xctest */,
			);
			name = Products;
			sourceTree = "<group>";
		};
		D10950AE2AEC2723005D6B84 /* verificacion */ = {
			isa = PBXGroup;
			children = (
				D10950AF2AEC2723005D6B84 /* AppDelegate.swift */,
				D10950B12AEC2723005D6B84 /* SceneDelegate.swift */,
				D10950B32AEC2723005D6B84 /* ViewController.swift */,
				D10950B52AEC2723005D6B84 /* Main.storyboard */,
				D10950B82AEC2725005D6B84 /* Assets.xcassets */,
				D10950BA2AEC2725005D6B84 /* LaunchScreen.storyboard */,
				D10950BD2AEC2725005D6B84 /* Info.plist */,
			);
			path = verificacion;
			sourceTree = "<group>";
		};
		D10950C52AEC2725005D6B84 /* verificacionTests */ = {
			isa = PBXGroup;
			children = (
				D10950C62AEC2725005D6B84 /* verificacionTests.swift */,
			);
			path = verificacionTests;
			sourceTree = "<group>";
		};
		D10950CF2AEC2725005D6B84 /* verificacionUITests */ = {
			isa = PBXGroup;
			children = (
				D10950D02AEC2725005D6B84 /* verificacionUITests.swift */,
				D10950D22AEC2725005D6B84 /* verificacionUITestsLaunchTests.swift */,
			);
			path = verificacionUITests;
			sourceTree = "<group>";
		};
/* End PBXGroup section */

/* Begin PBXNativeTarget section */
		D10950AB2AEC2723005D6B84 /* verificacion */ = {
			isa = PBXNativeTarget;
			buildConfigurationList = D10950D62AEC2725005D6B84 /* Build configuration list for PBXNativeTarget "verificacion" */;
			buildPhases = (
				D10950A82AEC2723005D6B84 /* Sources */,
				D10950A92AEC2723005D6B84 /* Frameworks */,
				D10950AA2AEC2723005D6B84 /* Resources */,
			);
			buildRules = (
			);
			dependencies = (
			);
			name = verificacion;
			productName = verificacion;
			productReference = D10950AC2AEC2723005D6B84 /* verificacion.app */;
			productType = "com.apple.product-type.application";
		};
		D10950C12AEC2725005D6B84 /* verificacionTests */ = {
			isa = PBXNativeTarget;
			buildConfigurationList = D10950D92AEC2725005D6B84 /* Build configuration list for PBXNativeTarget "verificacionTests" */;
			buildPhases = (
				D10950BE2AEC2725005D6B84 /* Sources */,
				D10950BF2AEC2725005D6B84 /* Frameworks */,
				D10950C02AEC2725005D6B84 /* Resources */,
			);
			buildRules = (
			);
			dependencies = (
				D10950C42AEC2725005D6B84 /* PBXTargetDependency */,
			);
			name = verificacionTests;
			productName = verificacionTests;
			productReference = D10950C22AEC2725005D6B84 /* verificacionTests.xctest */;
			productType = "com.apple.product-type.bundle.unit-test";
		};
		D10950CB2AEC2725005D6B84 /* verificacionUITests */ = {
			isa = PBXNativeTarget;
			buildConfigurationList = D10950DC2AEC2725005D6B84 /* Build configuration list for PBXNativeTarget "verificacionUITests" */;
			buildPhases = (
				D10950C82AEC2725005D6B84 /* Sources */,
				D10950C92AEC2725005D6B84 /* Frameworks */,
				D10950CA2AEC2725005D6B84 /* Resources */,
			);
			buildRules = (
			);
			dependencies = (
				D10950CE2AEC2725005D6B84 /* PBXTargetDependency */,
			);
			name = verificacionUITests;
			productName = verificacionUITests;
			productReference = D10950CC2AEC2725005D6B84 /* verificacionUITests.xctest */;
			productType = "com.apple.product-type.bundle.ui-testing";
		};
/* End PBXNativeTarget section */

/* Begin PBXProject section */
		D10950A42AEC2723005D6B84 /* Project object */ = {
			isa = PBXProject;
			attributes = {
				BuildIndependentTargetsInParallel = 1;
				LastSwiftUpdateCheck = 1500;
				LastUpgradeCheck = 1500;
				TargetAttributes = {
					D10950AB2AEC2723005D6B84 = {
						CreatedOnToolsVersion = 15.0.1;
					};
					D10950C12AEC2725005D6B84 = {
						CreatedOnToolsVersion = 15.0.1;
						TestTargetID = D10950AB2AEC2723005D6B84;
					};
					D10950CB2AEC2725005D6B84 = {
						CreatedOnToolsVersion = 15.0.1;
						TestTargetID = D10950AB2AEC2723005D6B84;
					};
				};
			};
			buildConfigurationList = D10950A72AEC2723005D6B84 /* Build configuration list for PBXProject "verificacion" */;
			compatibilityVersion = "Xcode 14.0";
			developmentRegion = en;
			hasScannedForEncodings = 0;
			knownRegions = (
				en,
				Base,
			);
			mainGroup = D10950A32AEC2723005D6B84;
			productRefGroup = D10950AD2AEC2723005D6B84 /* Products */;
			projectDirPath = "";
			projectRoot = "";
			targets = (
				D10950AB2AEC2723005D6B84 /* verificacion */,
				D10950C12AEC2725005D6B84 /* verificacionTests */,
				D10950CB2AEC2725005D6B84 /* verificacionUITests */,
			);
		};
/* End PBXProject section */

/* Begin PBXResourcesBuildPhase section */
		D10950AA2AEC2723005D6B84 /* Resources */ = {
			isa = PBXResourcesBuildPhase;
			buildActionMask = 2147483647;
			files = (
				D10950BC2AEC2725005D6B84 /* LaunchScreen.storyboard in Resources */,
				D10950B92AEC2725005D6B84 /* Assets.xcassets in Resources */,
				D10950B72AEC2723005D6B84 /* Main.storyboard in Resources */,
			);
			runOnlyForDeploymentPostprocessing = 0;
		};
		D10950C02AEC2725005D6B84 /* Resources */ = {
			isa = PBXResourcesBuildPhase;
			buildActionMask = 2147483647;
			files = (
			);
			runOnlyForDeploymentPostprocessing = 0;
		};
		D10950CA2AEC2725005D6B84 /* Resources */ = {
			isa = PBXResourcesBuildPhase;
			buildActionMask = 2147483647;
			files = (
			);
			runOnlyForDeploymentPostprocessing = 0;
		};
/* End PBXResourcesBuildPhase section */

/* Begin PBXSourcesBuildPhase section */
		D10950A82AEC2723005D6B84 /* Sources */ = {
			isa = PBXSourcesBuildPhase;
			buildActionMask = 2147483647;
			files = (
				D10950B42AEC2723005D6B84 /* ViewController.swift in Sources */,
				D10950B02AEC2723005D6B84 /* AppDelegate.swift in Sources */,
				D10950B22AEC2723005D6B84 /* SceneDelegate.swift in Sources */,
			);
			runOnlyForDeploymentPostprocessing = 0;
		};
		D10950BE2AEC2725005D6B84 /* Sources */ = {
			isa = PBXSourcesBuildPhase;
			buildActionMask = 2147483647;
			files = (
				D10950C72AEC2725005D6B84 /* verificacionTests.swift in Sources */,
			);
			runOnlyForDeploymentPostprocessing = 0;
		};
		D10950C82AEC2725005D6B84 /* Sources */ = {
			isa = PBXSourcesBuildPhase;
			buildActionMask = 2147483647;
			files = (
				D10950D32AEC2725005D6B84 /* verificacionUITestsLaunchTests.swift in Sources */,
				D10950D12AEC2725005D6B84 /* verificacionUITests.swift in Sources */,
			);
			runOnlyForDeploymentPostprocessing = 0;
		};
/* End PBXSourcesBuildPhase section */

/* Begin PBXTargetDependency section */
		D10950C42AEC2725005D6B84 /* PBXTargetDependency */ = {
			isa = PBXTargetDependency;
			target = D10950AB2AEC2723005D6B84 /* verificacion */;
			targetProxy = D10950C32AEC2725005D6B84 /* PBXContainerItemProxy */;
		};
		D10950CE2AEC2725005D6B84 /* PBXTargetDependency */ = {
			isa = PBXTargetDependency;
			target = D10950AB2AEC2723005D6B84 /* verificacion */;
			targetProxy = D10950CD2AEC2725005D6B84 /* PBXContainerItemProxy */;
		};
/* End PBXTargetDependency section */

/* Begin PBXVariantGroup section */
		D10950B52AEC2723005D6B84 /* Main.storyboard */ = {
			isa = PBXVariantGroup;
			children = (
				D10950B62AEC2723005D6B84 /* Base */,
			);
			name = Main.storyboard;
			sourceTree = "<group>";
		};
		D10950BA2AEC2725005D6B84 /* LaunchScreen.storyboard */ = {
			isa = PBXVariantGroup;
			children = (
				D10950BB2AEC2725005D6B84 /* Base */,
			);
			name = LaunchScreen.storyboard;
			sourceTree = "<group>";
		};
/* End PBXVariantGroup section */

/* Begin XCBuildConfiguration section */
		D10950D42AEC2725005D6B84 /* Debug */ = {
			isa = XCBuildConfiguration;
			buildSettings = {
				ALWAYS_SEARCH_USER_PATHS = NO;
				ASSETCATALOG_COMPILER_GENERATE_SWIFT_ASSET_SYMBOL_EXTENSIONS = YES;
				CLANG_ANALYZER_NONNULL = YES;
				CLANG_ANALYZER_NUMBER_OBJECT_CONVERSION = YES_AGGRESSIVE;
				CLANG_CXX_LANGUAGE_STANDARD = "gnu++20";
				CLANG_ENABLE_MODULES = YES;
				CLANG_ENABLE_OBJC_ARC = YES;
				CLANG_ENABLE_OBJC_WEAK = YES;
				CLANG_WARN_BLOCK_CAPTURE_AUTORELEASING = YES;
				CLANG_WARN_BOOL_CONVERSION = YES;
				CLANG_WARN_COMMA = YES;
				CLANG_WARN_CONSTANT_CONVERSION = YES;
				CLANG_WARN_DEPRECATED_OBJC_IMPLEMENTATIONS = YES;
				CLANG_WARN_DIRECT_OBJC_ISA_USAGE = YES_ERROR;
				CLANG_WARN_DOCUMENTATION_COMMENTS = YES;
				CLANG_WARN_EMPTY_BODY = YES;
				CLANG_WARN_ENUM_CONVERSION = YES;
				CLANG_WARN_INFINITE_RECURSION = YES;
				CLANG_WARN_INT_CONVERSION = YES;
				CLANG_WARN_NON_LITERAL_NULL_CONVERSION = YES;
				CLANG_WARN_OBJC_IMPLICIT_RETAIN_SELF = YES;
				CLANG_WARN_OBJC_LITERAL_CONVERSION = YES;
				CLANG_WARN_OBJC_ROOT_CLASS = YES_ERROR;
				CLANG_WARN_QUOTED_INCLUDE_IN_FRAMEWORK_HEADER = YES;
				CLANG_WARN_RANGE_LOOP_ANALYSIS = YES;
				CLANG_WARN_STRICT_PROTOTYPES = YES;
				CLANG_WARN_SUSPICIOUS_MOVE = YES;
				CLANG_WARN_UNGUARDED_AVAILABILITY = YES_AGGRESSIVE;
				CLANG_WARN_UNREACHABLE_CODE = YES;
				CLANG_WARN__DUPLICATE_METHOD_MATCH = YES;
				COPY_PHASE_STRIP = NO;
				DEBUG_INFORMATION_FORMAT = dwarf;
				ENABLE_STRICT_OBJC_MSGSEND = YES;
				ENABLE_TESTABILITY = YES;
				ENABLE_USER_SCRIPT_SANDBOXING = YES;
				GCC_C_LANGUAGE_STANDARD = gnu17;
				GCC_DYNAMIC_NO_PIC = NO;
				GCC_NO_COMMON_BLOCKS = YES;
				GCC_OPTIMIZATION_LEVEL = 0;
				GCC_PREPROCESSOR_DEFINITIONS = (
					"DEBUG=1",
					"$(inherited)",
				);
				GCC_WARN_64_TO_32_BIT_CONVERSION = YES;
				GCC_WARN_ABOUT_RETURN_TYPE = YES_ERROR;
				GCC_WARN_UNDECLARED_SELECTOR = YES;
				GCC_WARN_UNINITIALIZED_AUTOS = YES_AGGRESSIVE;
				GCC_WARN_UNUSED_FUNCTION = YES;
				GCC_WARN_UNUSED_VARIABLE = YES;
				IPHONEOS_DEPLOYMENT_TARGET = 17.0;
				LOCALIZATION_PREFERS_STRING_CATALOGS = YES;
				MTL_ENABLE_DEBUG_INFO = INCLUDE_SOURCE;
				MTL_FAST_MATH = YES;
				ONLY_ACTIVE_ARCH = YES;
				SDKROOT = iphoneos;
				SWIFT_ACTIVE_COMPILATION_CONDITIONS = "DEBUG $(inherited)";
				SWIFT_OPTIMIZATION_LEVEL = "-Onone";
			};
			name = Debug;
		};
		D10950D52AEC2725005D6B84 /* Release */ = {
			isa = XCBuildConfiguration;
			buildSettings = {
				ALWAYS_SEARCH_USER_PATHS = NO;
				ASSETCATALOG_COMPILER_GENERATE_SWIFT_ASSET_SYMBOL_EXTENSIONS = YES;
				CLANG_ANALYZER_NONNULL = YES;
				CLANG_ANALYZER_NUMBER_OBJECT_CONVERSION = YES_AGGRESSIVE;
				CLANG_CXX_LANGUAGE_STANDARD = "gnu++20";
				CLANG_ENABLE_MODULES = YES;
				CLANG_ENABLE_OBJC_ARC = YES;
				CLANG_ENABLE_OBJC_WEAK = YES;
				CLANG_WARN_BLOCK_CAPTURE_AUTORELEASING = YES;
				CLANG_WARN_BOOL_CONVERSION = YES;
				CLANG_WARN_COMMA = YES;
				CLANG_WARN_CONSTANT_CONVERSION = YES;
				CLANG_WARN_DEPRECATED_OBJC_IMPLEMENTATIONS = YES;
				CLANG_WARN_DIRECT_OBJC_ISA_USAGE = YES_ERROR;
				CLANG_WARN_DOCUMENTATION_COMMENTS = YES;
				CLANG_WARN_EMPTY_BODY = YES;
				CLANG_WARN_ENUM_CONVERSION = YES;
				CLANG_WARN_INFINITE_RECURSION = YES;
				CLANG_WARN_INT_CONVERSION = YES;
				CLANG_WARN_NON_LITERAL_NULL_CONVERSION = YES;
				CLANG_WARN_OBJC_IMPLICIT_RETAIN_SELF = YES;
				CLANG_WARN_OBJC_LITERAL_CONVERSION = YES;
				CLANG_WARN_OBJC_ROOT_CLASS = YES_ERROR;
				CLANG_WARN_QUOTED_INCLUDE_IN_FRAMEWORK_HEADER = YES;
				CLANG_WARN_RANGE_LOOP_ANALYSIS = YES;
				CLANG_WARN_STRICT_PROTOTYPES = YES;
				CLANG_WARN_SUSPICIOUS_MOVE = YES;
				CLANG_WARN_UNGUARDED_AVAILABILITY = YES_AGGRESSIVE;
				CLANG_WARN_UNREACHABLE_CODE = YES;
				CLANG_WARN__DUPLICATE_METHOD_MATCH = YES;
				COPY_PHASE_STRIP = NO;
				DEBUG_INFORMATION_FORMAT = "dwarf-with-dsym";
				ENABLE_NS_ASSERTIONS = NO;
				ENABLE_STRICT_OBJC_MSGSEND = YES;
				ENABLE_USER_SCRIPT_SANDBOXING = YES;
				GCC_C_LANGUAGE_STANDARD = gnu17;
				GCC_NO_COMMON_BLOCKS = YES;
				GCC_WARN_64_TO_32_BIT_CONVERSION = YES;
				GCC_WARN_ABOUT_RETURN_TYPE = YES_ERROR;
				GCC_WARN_UNDECLARED_SELECTOR = YES;
				GCC_WARN_UNINITIALIZED_AUTOS = YES_AGGRESSIVE;
				GCC_WARN_UNUSED_FUNCTION = YES;
				GCC_WARN_UNUSED_VARIABLE = YES;
				IPHONEOS_DEPLOYMENT_TARGET = 17.0;
				LOCALIZATION_PREFERS_STRING_CATALOGS = YES;
				MTL_ENABLE_DEBUG_INFO = NO;
				MTL_FAST_MATH = YES;
				SDKROOT = iphoneos;
				SWIFT_COMPILATION_MODE = wholemodule;
				VALIDATE_PRODUCT = YES;
			};
			name = Release;
		};
		D10950D72AEC2725005D6B84 /* Debug */ = {
			isa = XCBuildConfiguration;
			buildSettings = {
				ASSETCATALOG_COMPILER_APPICON_NAME = AppIcon;
				ASSETCATALOG_COMPILER_GLOBAL_ACCENT_COLOR_NAME = AccentColor;
				CODE_SIGN_STYLE = Automatic;
				CURRENT_PROJECT_VERSION = 1;
				GENERATE_INFOPLIST_FILE = YES;
				INFOPLIST_FILE = verificacion/Info.plist;
				INFOPLIST_KEY_UIApplicationSupportsIndirectInputEvents = YES;
				INFOPLIST_KEY_UILaunchStoryboardName = LaunchScreen;
				INFOPLIST_KEY_UIMainStoryboardFile = Main;
				INFOPLIST_KEY_UISupportedInterfaceOrientations_iPad = "UIInterfaceOrientationPortrait UIInterfaceOrientationPortraitUpsideDown UIInterfaceOrientationLandscapeLeft UIInterfaceOrientationLandscapeRight";
				INFOPLIST_KEY_UISupportedInterfaceOrientations_iPhone = "UIInterfaceOrientationPortrait UIInterfaceOrientationLandscapeLeft UIInterfaceOrientationLandscapeRight";
				LD_RUNPATH_SEARCH_PATHS = (
					"$(inherited)",
					"@executable_path/Frameworks",
				);
				MARKETING_VERSION = 1.0;
				PRODUCT_BUNDLE_IDENTIFIER = Danielapps.verificacion;
				PRODUCT_NAME = "$(TARGET_NAME)";
				SWIFT_EMIT_LOC_STRINGS = YES;
				SWIFT_VERSION = 5.0;
				TARGETED_DEVICE_FAMILY = "1,2";
			};
			name = Debug;
		};
		D10950D82AEC2725005D6B84 /* Release */ = {
			isa = XCBuildConfiguration;
			buildSettings = {
				ASSETCATALOG_COMPILER_APPICON_NAME = AppIcon;
				ASSETCATALOG_COMPILER_GLOBAL_ACCENT_COLOR_NAME = AccentColor;
				CODE_SIGN_STYLE = Automatic;
				CURRENT_PROJECT_VERSION = 1;
				GENERATE_INFOPLIST_FILE = YES;
				INFOPLIST_FILE = verificacion/Info.plist;
				INFOPLIST_KEY_UIApplicationSupportsIndirectInputEvents = YES;
				INFOPLIST_KEY_UILaunchStoryboardName = LaunchScreen;
				INFOPLIST_KEY_UIMainStoryboardFile = Main;
				INFOPLIST_KEY_UISupportedInterfaceOrientations_iPad = "UIInterfaceOrientationPortrait UIInterfaceOrientationPortraitUpsideDown UIInterfaceOrientationLandscapeLeft UIInterfaceOrientationLandscapeRight";
				INFOPLIST_KEY_UISupportedInterfaceOrientations_iPhone = "UIInterfaceOrientationPortrait UIInterfaceOrientationLandscapeLeft UIInterfaceOrientationLandscapeRight";
				LD_RUNPATH_SEARCH_PATHS = (
					"$(inherited)",
					"@executable_path/Frameworks",
				);
				MARKETING_VERSION = 1.0;
				PRODUCT_BUNDLE_IDENTIFIER = Danielapps.verificacion;
				PRODUCT_NAME = "$(TARGET_NAME)";
				SWIFT_EMIT_LOC_STRINGS = YES;
				SWIFT_VERSION = 5.0;
				TARGETED_DEVICE_FAMILY = "1,2";
			};
			name = Release;
		};
		D10950DA2AEC2725005D6B84 /* Debug */ = {
			isa = XCBuildConfiguration;
			buildSettings = {
				ALWAYS_EMBED_SWIFT_STANDARD_LIBRARIES = YES;
				BUNDLE_LOADER = "$(TEST_HOST)";
				CODE_SIGN_STYLE = Automatic;
				CURRENT_PROJECT_VERSION = 1;
				GENERATE_INFOPLIST_FILE = YES;
				IPHONEOS_DEPLOYMENT_TARGET = 17.0;
				MARKETING_VERSION = 1.0;
				PRODUCT_BUNDLE_IDENTIFIER = Danielapps.verificacionTests;
				PRODUCT_NAME = "$(TARGET_NAME)";
				SWIFT_EMIT_LOC_STRINGS = NO;
				SWIFT_VERSION = 5.0;
				TARGETED_DEVICE_FAMILY = "1,2";
				TEST_HOST = "$(BUILT_PRODUCTS_DIR)/verificacion.app/$(BUNDLE_EXECUTABLE_FOLDER_PATH)/verificacion";
			};
			name = Debug;
		};
		D10950DB2AEC2725005D6B84 /* Release */ = {
			isa = XCBuildConfiguration;
			buildSettings = {
				ALWAYS_EMBED_SWIFT_STANDARD_LIBRARIES = YES;
				BUNDLE_LOADER = "$(TEST_HOST)";
				CODE_SIGN_STYLE = Automatic;
				CURRENT_PROJECT_VERSION = 1;
				GENERATE_INFOPLIST_FILE = YES;
				IPHONEOS_DEPLOYMENT_TARGET = 17.0;
				MARKETING_VERSION = 1.0;
				PRODUCT_BUNDLE_IDENTIFIER = Danielapps.verificacionTests;
				PRODUCT_NAME = "$(TARGET_NAME)";
				SWIFT_EMIT_LOC_STRINGS = NO;
				SWIFT_VERSION = 5.0;
				TARGETED_DEVICE_FAMILY = "1,2";
				TEST_HOST = "$(BUILT_PRODUCTS_DIR)/verificacion.app/$(BUNDLE_EXECUTABLE_FOLDER_PATH)/verificacion";
			};
			name = Release;
		};
		D10950DD2AEC2725005D6B84 /* Debug */ = {
			isa = XCBuildConfiguration;
			buildSettings = {
				ALWAYS_EMBED_SWIFT_STANDARD_LIBRARIES = YES;
				CODE_SIGN_STYLE = Automatic;
				CURRENT_PROJECT_VERSION = 1;
				GENERATE_INFOPLIST_FILE = YES;
				MARKETING_VERSION = 1.0;
				PRODUCT_BUNDLE_IDENTIFIER = Danielapps.verificacionUITests;
				PRODUCT_NAME = "$(TARGET_NAME)";
				SWIFT_EMIT_LOC_STRINGS = NO;
				SWIFT_VERSION = 5.0;
				TARGETED_DEVICE_FAMILY = "1,2";
				TEST_TARGET_NAME = verificacion;
			};
			name = Debug;
		};
		D10950DE2AEC2725005D6B84 /* Release */ = {
			isa = XCBuildConfiguration;
			buildSettings = {
				ALWAYS_EMBED_SWIFT_STANDARD_LIBRARIES = YES;
				CODE_SIGN_STYLE = Automatic;
				CURRENT_PROJECT_VERSION = 1;
				GENERATE_INFOPLIST_FILE = YES;
				MARKETING_VERSION = 1.0;
				PRODUCT_BUNDLE_IDENTIFIER = Danielapps.verificacionUITests;
				PRODUCT_NAME = "$(TARGET_NAME)";
				SWIFT_EMIT_LOC_STRINGS = NO;
				SWIFT_VERSION = 5.0;
				TARGETED_DEVICE_FAMILY = "1,2";
				TEST_TARGET_NAME = verificacion;
			};
			name = Release;
		};
/* End XCBuildConfiguration section */

/* Begin XCConfigurationList section */
		D10950A72AEC2723005D6B84 /* Build configuration list for PBXProject "verificacion" */ = {
			isa = XCConfigurationList;
			buildConfigurations = (
				D10950D42AEC2725005D6B84 /* Debug */,
				D10950D52AEC2725005D6B84 /* Release */,
			);
			defaultConfigurationIsVisible = 0;
			defaultConfigurationName = Release;
		};
		D10950D62AEC2725005D6B84 /* Build configuration list for PBXNativeTarget "verificacion" */ = {
			isa = XCConfigurationList;
			buildConfigurations = (
				D10950D72AEC2725005D6B84 /* Debug */,
				D10950D82AEC2725005D6B84 /* Release */,
			);
			defaultConfigurationIsVisible = 0;
			defaultConfigurationName = Release;
		};
		D10950D92AEC2725005D6B84 /* Build configuration list for PBXNativeTarget "verificacionTests" */ = {
			isa = XCConfigurationList;
			buildConfigurations = (
				D10950DA2AEC2725005D6B84 /* Debug */,
				D10950DB2AEC2725005D6B84 /* Release */,
			);
			defaultConfigurationIsVisible = 0;
			defaultConfigurationName = Release;
		};
		D10950DC2AEC2725005D6B84 /* Build configuration list for PBXNativeTarget "verificacionUITests" */ = {
			isa = XCConfigurationList;
			buildConfigurations = (
				D10950DD2AEC2725005D6B84 /* Debug */,
				D10950DE2AEC2725005D6B84 /* Release */,
			);
			defaultConfigurationIsVisible = 0;
			defaultConfigurationName = Release;
		};
/* End XCConfigurationList section */
	};
	rootObject = D10950A42AEC2723005D6B84 /* Project object */;
}
